# THIS IS AN AUTOGENERATED FILE. DO NOT EDIT THIS FILE DIRECTLY.
# yarn lockfile v1


kjua@^0.6.0:
  version "0.6.0"
  resolved "https://registry.yarnpkg.com/kjua/-/kjua-0.6.0.tgz#dac355272b6e1baafd491eba780fcf4746cd8aaa"
  integrity sha512-BQp9V1rt1CfZT0sOgNhqndkah0WtZIJVo3AZDiqh+c1/9zszaCFfy3+TkZtUh/n5ukPes1OXLCCxPQeLvSEI6Q==
